
Microsoft Visual Studio Solution File, Format Version 12.00
# Visual Studio 15
VisualStudioVersion = 15.0.27004.2002
MinimumVisualStudioVersion = 10.0.40219.1
Project("{9A19103F-16F7-4668-BE54-9A1E7A4F7556}") = "Builder", "Builder\Builder.csproj", "{4168F977-6398-4FC9-8C9B-271BECA63D91}"
EndProject
Project("{9A19103F-16F7-4668-BE54-9A1E7A4F7556}") = "FactoryMethod", "FactoryMethod\FactoryMethod.csproj", "{0E16AC3A-3AAB-46EC-8515-F36D17CB9447}"
EndProject
Project("{FAE04EC0-301F-11D3-BF4B-00C04F79EFBC}") = "Prototype", "Prototype\Prototype.csproj", "{F6BA46AB-FCE8-446D-A521-D545D9C7DBD1}"
EndProject
Project("{FAE04EC0-301F-11D3-BF4B-00C04F79EFBC}") = "AbstractFactory", "AbstractFactory\AbstractFactory.csproj", "{A28E5B5B-E3AF-439F-8C01-40D54182B094}"
EndProject
Global
	GlobalSection(SolutionConfigurationPlatforms) = preSolution
		Debug|Any CPU = Debug|Any CPU
		Release|Any CPU = Release|Any CPU
	EndGlobalSection
	GlobalSection(ProjectConfigurationPlatforms) = postSolution
		{4168F977-6398-4FC9-8C9B-271BECA63D91}.Debug|Any CPU.ActiveCfg = Debug|Any CPU
		{4168F977-6398-4FC9-8C9B-271BECA63D91}.Debug|Any CPU.Build.0 = Debug|Any CPU
		{4168F977-6398-4FC9-8C9B-271BECA63D91}.Release|Any CPU.ActiveCfg = Release|Any CPU
		{4168F977-6398-4FC9-8C9B-271BECA63D91}.Release|Any CPU.Build.0 = Release|Any CPU
		{0E16AC3A-3AAB-46EC-8515-F36D17CB9447}.Debug|Any CPU.ActiveCfg = Debug|Any CPU
		{0E16AC3A-3AAB-46EC-8515-F36D17CB9447}.Debug|Any CPU.Build.0 = Debug|Any CPU
		{0E16AC3A-3AAB-46EC-8515-F36D17CB9447}.Release|Any CPU.ActiveCfg = Release|Any CPU
		{0E16AC3A-3AAB-46EC-8515-F36D17CB9447}.Release|Any CPU.Build.0 = Release|Any CPU
		{F6BA46AB-FCE8-446D-A521-D545D9C7DBD1}.Debug|Any CPU.ActiveCfg = Debug|Any CPU
		{F6BA46AB-FCE8-446D-A521-D545D9C7DBD1}.Debug|Any CPU.Build.0 = Debug|Any CPU
		{F6BA46AB-FCE8-446D-A521-D545D9C7DBD1}.Release|Any CPU.ActiveCfg = Release|Any CPU
		{F6BA46AB-FCE8-446D-A521-D545D9C7DBD1}.Release|Any CPU.Build.0 = Release|Any CPU
		{A28E5B5B-E3AF-439F-8C01-40D54182B094}.Debug|Any CPU.ActiveCfg = Debug|Any CPU
		{A28E5B5B-E3AF-439F-8C01-40D54182B094}.Debug|Any CPU.Build.0 = Debug|Any CPU
		{A28E5B5B-E3AF-439F-8C01-40D54182B094}.Release|Any CPU.ActiveCfg = Release|Any CPU
		{A28E5B5B-E3AF-439F-8C01-40D54182B094}.Release|Any CPU.Build.0 = Release|Any CPU
	EndGlobalSection
	GlobalSection(SolutionProperties) = preSolution
		HideSolutionNode = FALSE
	EndGlobalSection
	GlobalSection(ExtensibilityGlobals) = postSolution
		SolutionGuid = {69D84048-2503-4802-A06D-CCD08FAC283E}
	EndGlobalSection
EndGlobal
