
Microsoft Visual Studio Solution File, Format Version 12.00
# Visual Studio 15
VisualStudioVersion = 15.0.27004.2002
MinimumVisualStudioVersion = 10.0.40219.1
Project("{9A19103F-16F7-4668-BE54-9A1E7A4F7556}") = "Builder", "Builder\Builder.csproj", "{4168F977-6398-4FC9-8C9B-271BECA63D91}"
EndProject
Project("{9A19103F-16F7-4668-BE54-9A1E7A4F7556}") = "FactoryMethod", "FactoryMethod\FactoryMethod.csproj", "{0E16AC3A-3AAB-46EC-8515-F36D17CB9447}"
EndProject
Project("{9A19103F-16F7-4668-BE54-9A1E7A4F7556}") = "Prototype", "Prototype\Prototype.csproj", "{F6BA46AB-FCE8-446D-A521-D545D9C7DBD1}"
EndProject
Project("{9A19103F-16F7-4668-BE54-9A1E7A4F7556}") = "AbstractFactory", "AbstractFactory\AbstractFactory.csproj", "{A28E5B5B-E3AF-439F-8C01-40D54182B094}"
EndProject
Project("{9A19103F-16F7-4668-BE54-9A1E7A4F7556}") = "Singleton", "Singleton\Singleton.csproj", "{88682963-7BCA-4671-93E1-11BF5C36E0DD}"
EndProject
Project("{2150E333-8FDC-42A3-9474-1A3956D46DE8}") = "Creational Patterns", "Creational Patterns", "{24A8C4D6-0D97-419C-9CE5-40FC00509A31}"
EndProject
Project("{2150E333-8FDC-42A3-9474-1A3956D46DE8}") = "Structural Patterns", "Structural Patterns", "{609F0AB0-93AB-42F1-801E-B4B11201D0B2}"
EndProject
Project("{9A19103F-16F7-4668-BE54-9A1E7A4F7556}") = "Adapter", "Adapter\Adapter.csproj", "{FB6EA136-3B19-4BDB-AA12-BD678FA46976}"
EndProject
Project("{9A19103F-16F7-4668-BE54-9A1E7A4F7556}") = "Bridge", "Bridge\Bridge.csproj", "{EEA1864D-E40D-41A6-9E01-B8D9A4355A01}"
EndProject
Project("{FAE04EC0-301F-11D3-BF4B-00C04F79EFBC}") = "Composite", "Composite\Composite.csproj", "{7E5B0066-F4BC-42D1-B21A-E41C63217028}"
EndProject
Project("{FAE04EC0-301F-11D3-BF4B-00C04F79EFBC}") = "Decorator", "Decorator\Decorator.csproj", "{A119846F-F878-496B-8C9D-6467CF216C76}"
EndProject
Project("{FAE04EC0-301F-11D3-BF4B-00C04F79EFBC}") = "Facade", "Facade\Facade.csproj", "{A1F49A0B-94F6-4217-8305-1DB441C23868}"
EndProject
Global
	GlobalSection(SolutionConfigurationPlatforms) = preSolution
		Debug|Any CPU = Debug|Any CPU
		Release|Any CPU = Release|Any CPU
	EndGlobalSection
	GlobalSection(ProjectConfigurationPlatforms) = postSolution
		{4168F977-6398-4FC9-8C9B-271BECA63D91}.Debug|Any CPU.ActiveCfg = Debug|Any CPU
		{4168F977-6398-4FC9-8C9B-271BECA63D91}.Debug|Any CPU.Build.0 = Debug|Any CPU
		{4168F977-6398-4FC9-8C9B-271BECA63D91}.Release|Any CPU.ActiveCfg = Release|Any CPU
		{4168F977-6398-4FC9-8C9B-271BECA63D91}.Release|Any CPU.Build.0 = Release|Any CPU
		{0E16AC3A-3AAB-46EC-8515-F36D17CB9447}.Debug|Any CPU.ActiveCfg = Debug|Any CPU
		{0E16AC3A-3AAB-46EC-8515-F36D17CB9447}.Debug|Any CPU.Build.0 = Debug|Any CPU
		{0E16AC3A-3AAB-46EC-8515-F36D17CB9447}.Release|Any CPU.ActiveCfg = Release|Any CPU
		{0E16AC3A-3AAB-46EC-8515-F36D17CB9447}.Release|Any CPU.Build.0 = Release|Any CPU
		{F6BA46AB-FCE8-446D-A521-D545D9C7DBD1}.Debug|Any CPU.ActiveCfg = Debug|Any CPU
		{F6BA46AB-FCE8-446D-A521-D545D9C7DBD1}.Debug|Any CPU.Build.0 = Debug|Any CPU
		{F6BA46AB-FCE8-446D-A521-D545D9C7DBD1}.Release|Any CPU.ActiveCfg = Release|Any CPU
		{F6BA46AB-FCE8-446D-A521-D545D9C7DBD1}.Release|Any CPU.Build.0 = Release|Any CPU
		{A28E5B5B-E3AF-439F-8C01-40D54182B094}.Debug|Any CPU.ActiveCfg = Debug|Any CPU
		{A28E5B5B-E3AF-439F-8C01-40D54182B094}.Debug|Any CPU.Build.0 = Debug|Any CPU
		{A28E5B5B-E3AF-439F-8C01-40D54182B094}.Release|Any CPU.ActiveCfg = Release|Any CPU
		{A28E5B5B-E3AF-439F-8C01-40D54182B094}.Release|Any CPU.Build.0 = Release|Any CPU
		{88682963-7BCA-4671-93E1-11BF5C36E0DD}.Debug|Any CPU.ActiveCfg = Debug|Any CPU
		{88682963-7BCA-4671-93E1-11BF5C36E0DD}.Debug|Any CPU.Build.0 = Debug|Any CPU
		{88682963-7BCA-4671-93E1-11BF5C36E0DD}.Release|Any CPU.ActiveCfg = Release|Any CPU
		{88682963-7BCA-4671-93E1-11BF5C36E0DD}.Release|Any CPU.Build.0 = Release|Any CPU
		{FB6EA136-3B19-4BDB-AA12-BD678FA46976}.Debug|Any CPU.ActiveCfg = Debug|Any CPU
		{FB6EA136-3B19-4BDB-AA12-BD678FA46976}.Debug|Any CPU.Build.0 = Debug|Any CPU
		{FB6EA136-3B19-4BDB-AA12-BD678FA46976}.Release|Any CPU.ActiveCfg = Release|Any CPU
		{FB6EA136-3B19-4BDB-AA12-BD678FA46976}.Release|Any CPU.Build.0 = Release|Any CPU
		{EEA1864D-E40D-41A6-9E01-B8D9A4355A01}.Debug|Any CPU.ActiveCfg = Debug|Any CPU
		{EEA1864D-E40D-41A6-9E01-B8D9A4355A01}.Debug|Any CPU.Build.0 = Debug|Any CPU
		{EEA1864D-E40D-41A6-9E01-B8D9A4355A01}.Release|Any CPU.ActiveCfg = Release|Any CPU
		{EEA1864D-E40D-41A6-9E01-B8D9A4355A01}.Release|Any CPU.Build.0 = Release|Any CPU
		{7E5B0066-F4BC-42D1-B21A-E41C63217028}.Debug|Any CPU.ActiveCfg = Debug|Any CPU
		{7E5B0066-F4BC-42D1-B21A-E41C63217028}.Debug|Any CPU.Build.0 = Debug|Any CPU
		{7E5B0066-F4BC-42D1-B21A-E41C63217028}.Release|Any CPU.ActiveCfg = Release|Any CPU
		{7E5B0066-F4BC-42D1-B21A-E41C63217028}.Release|Any CPU.Build.0 = Release|Any CPU
		{A119846F-F878-496B-8C9D-6467CF216C76}.Debug|Any CPU.ActiveCfg = Debug|Any CPU
		{A119846F-F878-496B-8C9D-6467CF216C76}.Debug|Any CPU.Build.0 = Debug|Any CPU
		{A119846F-F878-496B-8C9D-6467CF216C76}.Release|Any CPU.ActiveCfg = Release|Any CPU
		{A119846F-F878-496B-8C9D-6467CF216C76}.Release|Any CPU.Build.0 = Release|Any CPU
		{A1F49A0B-94F6-4217-8305-1DB441C23868}.Debug|Any CPU.ActiveCfg = Debug|Any CPU
		{A1F49A0B-94F6-4217-8305-1DB441C23868}.Debug|Any CPU.Build.0 = Debug|Any CPU
		{A1F49A0B-94F6-4217-8305-1DB441C23868}.Release|Any CPU.ActiveCfg = Release|Any CPU
		{A1F49A0B-94F6-4217-8305-1DB441C23868}.Release|Any CPU.Build.0 = Release|Any CPU
	EndGlobalSection
	GlobalSection(SolutionProperties) = preSolution
		HideSolutionNode = FALSE
	EndGlobalSection
	GlobalSection(NestedProjects) = preSolution
		{4168F977-6398-4FC9-8C9B-271BECA63D91} = {24A8C4D6-0D97-419C-9CE5-40FC00509A31}
		{0E16AC3A-3AAB-46EC-8515-F36D17CB9447} = {24A8C4D6-0D97-419C-9CE5-40FC00509A31}
		{F6BA46AB-FCE8-446D-A521-D545D9C7DBD1} = {24A8C4D6-0D97-419C-9CE5-40FC00509A31}
		{A28E5B5B-E3AF-439F-8C01-40D54182B094} = {24A8C4D6-0D97-419C-9CE5-40FC00509A31}
		{88682963-7BCA-4671-93E1-11BF5C36E0DD} = {24A8C4D6-0D97-419C-9CE5-40FC00509A31}
		{FB6EA136-3B19-4BDB-AA12-BD678FA46976} = {609F0AB0-93AB-42F1-801E-B4B11201D0B2}
		{EEA1864D-E40D-41A6-9E01-B8D9A4355A01} = {609F0AB0-93AB-42F1-801E-B4B11201D0B2}
		{7E5B0066-F4BC-42D1-B21A-E41C63217028} = {609F0AB0-93AB-42F1-801E-B4B11201D0B2}
		{A119846F-F878-496B-8C9D-6467CF216C76} = {609F0AB0-93AB-42F1-801E-B4B11201D0B2}
		{A1F49A0B-94F6-4217-8305-1DB441C23868} = {609F0AB0-93AB-42F1-801E-B4B11201D0B2}
	EndGlobalSection
	GlobalSection(ExtensibilityGlobals) = postSolution
		SolutionGuid = {69D84048-2503-4802-A06D-CCD08FAC283E}
	EndGlobalSection
EndGlobal
